
Microsoft Visual Studio Solution File, Format Version 12.00
# Visual Studio 15
VisualStudioVersion = 15.0.28307.329
MinimumVisualStudioVersion = 10.0.40219.1
Project("{FAE04EC0-301F-11D3-BF4B-00C04F79EFBC}") = "CodeFirst-MtoMRelation", "CodeFirst-MtoMRelation\CodeFirst-MtoMRelation.csproj", "{E231ECCE-15ED-42E2-8010-E42F1F1CBAD3}"
EndProject
Global
	GlobalSection(SolutionConfigurationPlatforms) = preSolution
		Debug|Any CPU = Debug|Any CPU
		Release|Any CPU = Release|Any CPU
	EndGlobalSection
	GlobalSection(ProjectConfigurationPlatforms) = postSolution
		{E231ECCE-15ED-42E2-8010-E42F1F1CBAD3}.Debug|Any CPU.ActiveCfg = Debug|Any CPU
		{E231ECCE-15ED-42E2-8010-E42F1F1CBAD3}.Debug|Any CPU.Build.0 = Debug|Any CPU
		{E231ECCE-15ED-42E2-8010-E42F1F1CBAD3}.Release|Any CPU.ActiveCfg = Release|Any CPU
		{E231ECCE-15ED-42E2-8010-E42F1F1CBAD3}.Release|Any CPU.Build.0 = Release|Any CPU
	EndGlobalSection
	GlobalSection(SolutionProperties) = preSolution
		HideSolutionNode = FALSE
	EndGlobalSection
	GlobalSection(ExtensibilityGlobals) = postSolution
		SolutionGuid = {99ADA303-6666-44FA-BBBB-81D8D98FC161}
	EndGlobalSection
EndGlobal
